version = 1
revision = 3
requires-python = "==3.12.*"

[[package]]
name = "do-as-i-do-isaac-export"
version = "0.1.0"
source = { editable = "." }
dependencies = [
    { name = "numpy" },
    { name = "pyyaml" },
]

[package.optional-dependencies]
dev = [
    { name = "ruff" },
]

[package.metadata]
requires-dist = [
    { name = "numpy" },
    { name = "pyyaml" },
    { name = "ruff", marker = "extra == 'dev'", specifier = ">=0.13.2" },
]
provides-extras = ["dev"]

[[package]]
name = "numpy"
version = "2.5.2"
source = { registry = "https://pypi.tuna.tsinghua.edu.cn/simple" }
sdist = { url = "https://pypi.tuna.tsinghua.edu.cn/packages/9a/80/db0b4559e57ec36362bedbb05530a87fafbcb6067708c946967a41d449e7/numpy-2.5.2.tar.gz", hash = "sha256:d482d171c406ae88c5b19cad3b6a1c4c5209f886ab74bc44c2c865c23f52d860", size = 20773161, upload-time = "2026-08-09T13:48:27.962Z" }
wheels = [
    { url = "https://pypi.tuna.tsinghua.edu.cn/packages/69/72/dccb0aaf40972777283303919f613964227266d0c13adebb79ac124f1c3e/numpy-2.5.2-cp312-cp312-macosx_10_13_x86_64.whl", hash = "sha256:14e373cfc6387177e8409dac3c7159be8eb05cd77096cd7c950268b86f62831c", size = 16891693, upload-time = "2026-08-09T13:44:51.702Z" },
    { url = "https://pypi.tuna.tsinghua.edu.cn/packages/60/2e/b5aee50a1f74ac815cf8331812cb8251e29024025de462e0c047641c614c/numpy-2.5.2-cp312-cp312-macosx_11_0_arm64.whl", hash = "sha256:4bbd96c833ecc8cc069ce518078fc8c60cb9cbfb0fea5b7a803ad65035596d03", size = 11903109, upload-time = "2026-08-09T13:44:55.501Z" },
    { url = "https://pypi.tuna.tsinghua.edu.cn/packages/f3/f4/29e78102a80601cf034d4e9767022cffeca2c3b4c926e1754572ca95593d/numpy-2.5.2-cp312-cp312-macosx_14_0_arm64.whl", hash = "sha256:6e8172ddfcf5cf74b811d372b570b83c60bd2de87a6fbfbebdadb4a9bd9c6cbb", size = 5350202, upload-time = "2026-08-09T13:44:58.401Z" },
    { url = "https://pypi.tuna.tsinghua.edu.cn/packages/11/4b/dcd3b7eadaf4035d2c7a4289d232523a6964f602598ef7674e4bd7291f93/numpy-2.5.2-cp312-cp312-macosx_14_0_x86_64.whl", hash = "sha256:65f188481f1669e26f62b701e8205d19e460fa4a9b52a1414ba382330e4a3414", size = 6687736, upload-time = "2026-08-09T13:45:00.813Z" },
    { url = "https://pypi.tuna.tsinghua.edu.cn/packages/e5/21/4947e0e9d6c9fc2e2ff15b8949049ee44f63adb9cacc729ab8793f97e712/numpy-2.5.2-cp312-cp312-manylinux_2_27_aarch64.manylinux_2_28_aarch64.whl", hash = "sha256:8ee9c4eeb8454b3660a8b53493563c3e121c2fc94fbd72b848ef814ed7b676a9", size = 15612696, upload-time = "2026-08-09T13:45:04.151Z" },
    { url = "https://pypi.tuna.tsinghua.edu.cn/packages/3a/5f/62d28cf019460c7f1394105b4d49d9911a9c444cb77ab0bd95a204c5a6de/numpy-2.5.2-cp312-cp312-manylinux_2_27_x86_64.manylinux_2_28_x86_64.whl", hash = "sha256:3cdec01fa790a186d430433fdd4d4ffb70eed6f0eeb4bf05c8dbe2dce0a9bcb8", size = 16722264, upload-time = "2026-08-09T13:45:07.714Z" },
    { url = "https://pypi.tuna.tsinghua.edu.cn/packages/14/25/3f0be4c1b9fdf5dd5e708a6806978564d7c46a055c000496309ff2a2f8af/numpy-2.5.2-cp312-cp312-musllinux_1_2_aarch64.whl", hash = "sha256:7999d4ddb0c4025018373fd787510d46e04c769467af22869707b3c1cfd459ab", size = 16974396, upload-time = "2026-08-09T13:45:11.316Z" },
    { url = "https://pypi.tuna.tsinghua.edu.cn/packages/22/72/6262cbdeeb45da9d971e40715f579d791603ba8ec0b5e2db1ac55454421d/numpy-2.5.2-cp312-cp312-musllinux_1_2_x86_64.whl", hash = "sha256:c1f017dc0875c9209d219f97feceb7d54c2661bb243deb4114478e1295808af7", size = 18476044, upload-time = "2026-08-09T13:45:14.869Z" },
    { url = "https://pypi.tuna.tsinghua.edu.cn/packages/36/33/29208b8b075bde62d26a81d14b358c42b0f69b6cabd98d4ff97f37f22b05/numpy-2.5.2-cp312-cp312-win32.whl", hash = "sha256:d6a48072864e3324e194a8fbb3c657bcc5b5c869dbc64c9537b1d5c862572c0a", size = 6072817, upload-time = "2026-08-09T13:45:17.867Z" },
    { url = "https://pypi.tuna.tsinghua.edu.cn/packages/7f/b9/87fea2769fe1c47c1b5b01d8310772c9d1a85d485de7cf386ef7a3332b02/numpy-2.5.2-cp312-cp312-win_amd64.whl", hash = "sha256:28ac63476ec7651484215ee7fa15a1f78b57c14621f01e392afe17b9a1390ce4", size = 12464674, upload-time = "2026-08-09T13:45:20.734Z" },
    { url = "https://pypi.tuna.tsinghua.edu.cn/packages/14/52/032b97e00461ab0809bbe4c588b035620e5a14b8cdee47ecddefc7b17d33/numpy-2.5.2-cp312-cp312-win_arm64.whl", hash = "sha256:27650bb0e7140fa3d37b9923b4803645e0b125d190f326eecfd3f4dad8e8ade1", size = 10397131, upload-time = "2026-08-09T13:45:23.73Z" },
]

[[package]]
name = "pyyaml"
version = "6.0.3"
source = { registry = "https://pypi.tuna.tsinghua.edu.cn/simple" }
sdist = { url = "https://pypi.tuna.tsinghua.edu.cn/packages/05/8e/961c0007c59b8dd7729d542c61a4d537767a59645b82a0b521206e1e25c2/pyyaml-6.0.3.tar.gz", hash = "sha256:d76623373421df22fb4cf8817020cbb7ef15c725b9d5e45f17e189bfc384190f", size = 130960, upload-time = "2025-09-25T21:33:16.546Z" }
wheels = [
    { url = "https://pypi.tuna.tsinghua.edu.cn/packages/d1/33/422b98d2195232ca1826284a76852ad5a86fe23e31b009c9886b2d0fb8b2/pyyaml-6.0.3-cp312-cp312-macosx_10_13_x86_64.whl", hash = "sha256:7f047e29dcae44602496db43be01ad42fc6f1cc0d8cd6c83d342306c32270196", size = 182063, upload-time = "2025-09-25T21:32:11.445Z" },
    { url = "https://pypi.tuna.tsinghua.edu.cn/packages/89/a0/6cf41a19a1f2f3feab0e9c0b74134aa2ce6849093d5517a0c550fe37a648/pyyaml-6.0.3-cp312-cp312-macosx_11_0_arm64.whl", hash = "sha256:fc09d0aa354569bc501d4e787133afc08552722d3ab34836a80547331bb5d4a0", size = 173973, upload-time = "2025-09-25T21:32:12.492Z" },
    { url = "https://pypi.tuna.tsinghua.edu.cn/packages/ed/23/7a778b6bd0b9a8039df8b1b1d80e2e2ad78aa04171592c8a5c43a56a6af4/pyyaml-6.0.3-cp312-cp312-manylinux2014_aarch64.manylinux_2_17_aarch64.manylinux_2_28_aarch64.whl", hash = "sha256:9149cad251584d5fb4981be1ecde53a1ca46c891a79788c0df828d2f166bda28", size = 775116, upload-time = "2025-09-25T21:32:13.652Z" },
    { url = "https://pypi.tuna.tsinghua.edu.cn/packages/65/30/d7353c338e12baef4ecc1b09e877c1970bd3382789c159b4f89d6a70dc09/pyyaml-6.0.3-cp312-cp312-manylinux2014_s390x.manylinux_2_17_s390x.manylinux_2_28_s390x.whl", hash = "sha256:5fdec68f91a0c6739b380c83b951e2c72ac0197ace422360e6d5a959d8d97b2c", size = 844011, upload-time = "2025-09-25T21:32:15.21Z" },
    { url = "https://pypi.tuna.tsinghua.edu.cn/packages/8b/9d/b3589d3877982d4f2329302ef98a8026e7f4443c765c46cfecc8858c6b4b/pyyaml-6.0.3-cp312-cp312-manylinux2014_x86_64.manylinux_2_17_x86_64.manylinux_2_28_x86_64.whl", hash = "sha256:ba1cc08a7ccde2d2ec775841541641e4548226580ab850948cbfda66a1befcdc", size = 807870, upload-time = "2025-09-25T21:32:16.431Z" },
    { url = "https://pypi.tuna.tsinghua.edu.cn/packages/05/c0/b3be26a015601b822b97d9149ff8cb5ead58c66f981e04fedf4e762f4bd4/pyyaml-6.0.3-cp312-cp312-musllinux_1_2_aarch64.whl", hash = "sha256:8dc52c23056b9ddd46818a57b78404882310fb473d63f17b07d5c40421e47f8e", size = 761089, upload-time = "2025-09-25T21:32:17.56Z" },
    { url = "https://pypi.tuna.tsinghua.edu.cn/packages/be/8e/98435a21d1d4b46590d5459a22d88128103f8da4c2d4cb8f14f2a96504e1/pyyaml-6.0.3-cp312-cp312-musllinux_1_2_x86_64.whl", hash = "sha256:41715c910c881bc081f1e8872880d3c650acf13dfa8214bad49ed4cede7c34ea", size = 790181, upload-time = "2025-09-25T21:32:18.834Z" },
    { url = "https://pypi.tuna.tsinghua.edu.cn/packages/74/93/7baea19427dcfbe1e5a372d81473250b379f04b1bd3c4c5ff825e2327202/pyyaml-6.0.3-cp312-cp312-win32.whl", hash = "sha256:96b533f0e99f6579b3d4d4995707cf36df9100d67e0c8303a0c55b27b5f99bc5", size = 137658, upload-time = "2025-09-25T21:32:20.209Z" },
    { url = "https://pypi.tuna.tsinghua.edu.cn/packages/86/bf/899e81e4cce32febab4fb42bb97dcdf66bc135272882d1987881a4b519e9/pyyaml-6.0.3-cp312-cp312-win_amd64.whl", hash = "sha256:5fcd34e47f6e0b794d17de1b4ff496c00986e1c83f7ab2fb8fcfe9616ff7477b", size = 154003, upload-time = "2025-09-25T21:32:21.167Z" },
    { url = "https://pypi.tuna.tsinghua.edu.cn/packages/1a/08/67bd04656199bbb51dbed1439b7f27601dfb576fb864099c7ef0c3e55531/pyyaml-6.0.3-cp312-cp312-win_arm64.whl", hash = "sha256:64386e5e707d03a7e172c0701abfb7e10f0fb753ee1d773128192742712a98fd", size = 140344, upload-time = "2025-09-25T21:32:22.617Z" },
]

[[package]]
name = "ruff"
version = "0.16.3"
source = { registry = "https://pypi.tuna.tsinghua.edu.cn/simple" }
sdist = { url = "https://pypi.tuna.tsinghua.edu.cn/packages/61/b3/3213589383f8f1b3938781bd1278713f6d18621a14992b3e81fefb8a5ef9/ruff-0.16.3.tar.gz", hash = "sha256:e76d33a347661a84b5be6d043d0347fdc745dfdcf825a8f4fed64b5e26eebdf2", size = 4891904, upload-time = "2026-08-13T15:17:13.381Z" }
wheels = [
    { url = "https://pypi.tuna.tsinghua.edu.cn/packages/bf/96/493770daebd68c0a67f1549fdf519f53be51fc435186c0585bcc272fd76c/ruff-0.16.3-py3-none-linux_armv6l.whl", hash = "sha256:0c5710e247a58a4521e66e124ba9a74655b414f61ba3a2e9e3811e11098f48f7", size = 10902799, upload-time = "2026-08-13T15:16:27.382Z" },
    { url = "https://pypi.tuna.tsinghua.edu.cn/packages/5e/e6/2becf3942fddc29a29b8df47691d456fb1085391a694f74d84513251418c/ruff-0.16.3-py3-none-macosx_10_12_x86_64.whl", hash = "sha256:fe155130631a2471fd2e14a7a664a4dfbd7194b8229c3d7b2a40b21178639081", size = 11135539, upload-time = "2026-08-13T15:16:30.87Z" },
    { url = "https://pypi.tuna.tsinghua.edu.cn/packages/3e/1e/4b8b72f0d006dbf19326aa99f9ca0ee2ff374187c4d301cf529a51aa06fe/ruff-0.16.3-py3-none-macosx_11_0_arm64.whl", hash = "sha256:e2ed719e14aa64d895c2ee922594a90a43c861a93f0575a95ff8c47cdbd13eb9", size = 10475095, upload-time = "2026-08-13T15:16:33.259Z" },
    { url = "https://pypi.tuna.tsinghua.edu.cn/packages/92/32/2201fa49ba1f6c101ee321e83f051ac7a4b8d07b0ef6b4d3f2772b302275/ruff-0.16.3-py3-none-manylinux_2_17_aarch64.manylinux2014_aarch64.whl", hash = "sha256:9e0b1da805eb043654645d74d5de1e5ce2edc686e40790d2b86f56d71cc06a84", size = 10668771, upload-time = "2026-08-13T15:16:35.65Z" },
    { url = "https://pypi.tuna.tsinghua.edu.cn/packages/c3/66/4afc5c8363bd04d45effce1b7c8713ca037d7a6740b7451a2403a6e3a972/ruff-0.16.3-py3-none-manylinux_2_17_armv7l.manylinux2014_armv7l.whl", hash = "sha256:a37bdea0bbe21780f590bf437d6412c8c4e1b6cd010f91a65c2c40c5e5f5f870", size = 10699568, upload-time = "2026-08-13T15:16:38.195Z" },
    { url = "https://pypi.tuna.tsinghua.edu.cn/packages/53/fd/c67d246bf36bf1698551c56de39e95cd07f70e64433e0098e6267d77061b/ruff-0.16.3-py3-none-manylinux_2_17_i686.manylinux2014_i686.whl", hash = "sha256:09571e6d1288ed9be475207a3ac04ada404f1cd898104be0f6ab8d7df438575b", size = 11499365, upload-time = "2026-08-13T15:16:40.623Z" },
    { url = "https://pypi.tuna.tsinghua.edu.cn/packages/67/0b/00ecbceb99a263af7b12f6f05ac3c92bc47b905e91adc3f207a836e3bc01/ruff-0.16.3-py3-none-manylinux_2_17_ppc64le.manylinux2014_ppc64le.whl", hash = "sha256:2c18c5a101eb540010638cc1ff3c84944d3adb3df62b8d98ca8f22ba484d3413", size = 12311728, upload-time = "2026-08-13T15:16:43.564Z" },
    { url = "https://pypi.tuna.tsinghua.edu.cn/packages/54/b2/b7b3bb54f4d3f7db504e476ad4ab8de530dceebe2c061384b2757ee419e8/ruff-0.16.3-py3-none-manylinux_2_17_s390x.manylinux2014_s390x.whl", hash = "sha256:8457c44f15033c85ddbb77b15d451df9e24e4bd03b628396dd3610cedc3b8f82", size = 11699896, upload-time = "2026-08-13T15:16:46.209Z" },
    { url = "https://pypi.tuna.tsinghua.edu.cn/packages/c7/30/4c468429ac195addc5ee1b717b6ab1b66632786737ca3b2ed3443fb0c26a/ruff-0.16.3-py3-none-manylinux_2_17_x86_64.manylinux2014_x86_64.whl", hash = "sha256:294b95c4ae0cda9388525c2047778aa758d6b8d4bb876fd4e9eaa3ebc92343eb", size = 11058736, upload-time = "2026-08-13T15:16:48.823Z" },
    { url = "https://pypi.tuna.tsinghua.edu.cn/packages/43/67/7a113cdaddf24b64d7f75b1242a99d04c82fcef4f6921fdbb832beaffb5f/ruff-0.16.3-py3-none-manylinux_2_31_riscv64.whl", hash = "sha256:3d0c7c40c87c2a820509c31ba007968da6e1306468c067b2d82fbfdbcd0e8474", size = 11586911, upload-time = "2026-08-13T15:16:51.913Z" },
    { url = "https://pypi.tuna.tsinghua.edu.cn/packages/f1/c1/2e66f24c0f3ead25a5e660111778685e505e5da353c82802bf49f0cbe7b9/ruff-0.16.3-py3-none-musllinux_1_2_aarch64.whl", hash = "sha256:9f738c0fdfa8eed0b2ce7fb27ee7258208a92a68d7949e62aa15164bc7b389da", size = 10954265, upload-time = "2026-08-13T15:16:54.763Z" },
    { url = "https://pypi.tuna.tsinghua.edu.cn/packages/c2/ba/4cee23bf52cba9a058d3726de623624daf50ef9638868edd86f4126157f6/ruff-0.16.3-py3-none-musllinux_1_2_armv7l.whl", hash = "sha256:fb785f0be25abe69d320415cd4f833b59e17ba7613d9ba6a958023b6bceb0a50", size = 10709886, upload-time = "2026-08-13T15:16:57.339Z" },
    { url = "https://pypi.tuna.tsinghua.edu.cn/packages/82/df/7da7194fa5d9dc0a285f7e6fa5a4722e7c63faac0b45b614ded9314363a1/ruff-0.16.3-py3-none-musllinux_1_2_i686.whl", hash = "sha256:c5536e3acfbf9563085aa2be7b13c629c3077e902afc5b941ac44024dbb9f506", size = 11210392, upload-time = "2026-08-13T15:17:00.171Z" },
    { url = "https://pypi.tuna.tsinghua.edu.cn/packages/35/85/7795f6e817af050e7517bf3e7aa9b061cce70ef33d280aad902c956c1ecf/ruff-0.16.3-py3-none-musllinux_1_2_x86_64.whl", hash = "sha256:a2d85c02f9b8e165d85e6779184d38c4132de12603dab59c51c28e22584f9e4d", size = 11626910, upload-time = "2026-08-13T15:17:03.299Z" },
    { url = "https://pypi.tuna.tsinghua.edu.cn/packages/78/9b/475b927cf27a5cbbda3c7bafb69ed6ff77e1d7923d5d85f17c2749d7ae32/ruff-0.16.3-py3-none-win32.whl", hash = "sha256:388cdf2166642bd9b13d52b5932d3170f34f8abed7e8d9a855f1d84b83645a0a", size = 10931415, upload-time = "2026-08-13T15:17:05.726Z" },
    { url = "https://pypi.tuna.tsinghua.edu.cn/packages/b2/99/e2a2bfc4fbf0a1e8a916bc9ebe6fe6c58cc34c28e0ffc6ce281d572d1c2e/ruff-0.16.3-py3-none-win_amd64.whl", hash = "sha256:e80a7d69ca2a6d1c4d352ec91458cdca6e56c83cdbcabd93e4abe1e53591d948", size = 11445993, upload-time = "2026-08-13T15:17:08.353Z" },
    { url = "https://pypi.tuna.tsinghua.edu.cn/packages/69/3e/4132e539aed78c148854d4997a2685b0ed4dc4e87110b59ce528564e184e/ruff-0.16.3-py3-none-win_arm64.whl", hash = "sha256:b8ca152da82c1acc1fa8d5874b15951935f0eef46f10e6954c83859011b6178a", size = 11399302, upload-time = "2026-08-13T15:17:10.908Z" },
]
